
Microsoft Visual Studio Solution File, Format Version 12.00
# Visual Studio Version 16
VisualStudioVersion = 16.0.29326.143
MinimumVisualStudioVersion = 10.0.40219.1
Project("{FAE04EC0-301F-11D3-BF4B-00C04F79EFBC}") = "ConsoleApp3", "ConsoleApp3.csproj", "{3E2A26ED-24A5-4DD7-9BA9-74BD6D4ECD68}"
EndProject
Global
	GlobalSection(SolutionConfigurationPlatforms) = preSolution
		Debug|Any CPU = Debug|Any CPU
		Release|Any CPU = Release|Any CPU
	EndGlobalSection
	GlobalSection(ProjectConfigurationPlatforms) = postSolution
		{3E2A26ED-24A5-4DD7-9BA9-74BD6D4ECD68}.Debug|Any CPU.ActiveCfg = Debug|Any CPU
		{3E2A26ED-24A5-4DD7-9BA9-74BD6D4ECD68}.Debug|Any CPU.Build.0 = Debug|Any CPU
		{3E2A26ED-24A5-4DD7-9BA9-74BD6D4ECD68}.Release|Any CPU.ActiveCfg = Release|Any CPU
		{3E2A26ED-24A5-4DD7-9BA9-74BD6D4ECD68}.Release|Any CPU.Build.0 = Release|Any CPU
	EndGlobalSection
	GlobalSection(SolutionProperties) = preSolution
		HideSolutionNode = FALSE
	EndGlobalSection
	GlobalSection(ExtensibilityGlobals) = postSolution
		SolutionGuid = {6E92C918-FF97-4109-909B-0941F6D9F2CD}
	EndGlobalSection
EndGlobal
