
Microsoft Visual Studio Solution File, Format Version 12.00
# Visual Studio 15
VisualStudioVersion = 15.0.28307.645
MinimumVisualStudioVersion = 10.0.40219.1
Project("{FAE04EC0-301F-11D3-BF4B-00C04F79EFBC}") = "Notepad", "Notepad\Notepad.csproj", "{B00DE837-FC41-4616-B219-7F04CB2D4D54}"
EndProject
Global
	GlobalSection(SolutionConfigurationPlatforms) = preSolution
		Debug|Any CPU = Debug|Any CPU
		Release|Any CPU = Release|Any CPU
	EndGlobalSection
	GlobalSection(ProjectConfigurationPlatforms) = postSolution
		{B00DE837-FC41-4616-B219-7F04CB2D4D54}.Debug|Any CPU.ActiveCfg = Debug|Any CPU
		{B00DE837-FC41-4616-B219-7F04CB2D4D54}.Debug|Any CPU.Build.0 = Debug|Any CPU
		{B00DE837-FC41-4616-B219-7F04CB2D4D54}.Release|Any CPU.ActiveCfg = Release|Any CPU
		{B00DE837-FC41-4616-B219-7F04CB2D4D54}.Release|Any CPU.Build.0 = Release|Any CPU
	EndGlobalSection
	GlobalSection(SolutionProperties) = preSolution
		HideSolutionNode = FALSE
	EndGlobalSection
	GlobalSection(ExtensibilityGlobals) = postSolution
		SolutionGuid = {B2CD028D-A959-4E16-8287-775592309B84}
	EndGlobalSection
EndGlobal
